
Microsoft Visual Studio Solution File, Format Version 12.00
# Visual Studio 15
VisualStudioVersion = 15.0.28307.1169
MinimumVisualStudioVersion = 10.0.40219.1
Project("{8BC9CEB8-8B4A-11D0-8D11-00A0C91BC942}") = "GTPS Crash Reporter", "GTPS Crash Reporter\GTPS Crash Reporter.vcxproj", "{2E7D0C77-AEA3-456F-88B7-00FA8924B332}"
EndProject
Global
	GlobalSection(SolutionConfigurationPlatforms) = preSolution
		Debug|x64 = Debug|x64
		Debug|x86 = Debug|x86
		Release|x64 = Release|x64
		Release|x86 = Release|x86
	EndGlobalSection
	GlobalSection(ProjectConfigurationPlatforms) = postSolution
		{2E7D0C77-AEA3-456F-88B7-00FA8924B332}.Debug|x64.ActiveCfg = Debug|x64
		{2E7D0C77-AEA3-456F-88B7-00FA8924B332}.Debug|x64.Build.0 = Debug|x64
		{2E7D0C77-AEA3-456F-88B7-00FA8924B332}.Debug|x86.ActiveCfg = Debug|Win32
		{2E7D0C77-AEA3-456F-88B7-00FA8924B332}.Debug|x86.Build.0 = Debug|Win32
		{2E7D0C77-AEA3-456F-88B7-00FA8924B332}.Release|x64.ActiveCfg = Release|x64
		{2E7D0C77-AEA3-456F-88B7-00FA8924B332}.Release|x64.Build.0 = Release|x64
		{2E7D0C77-AEA3-456F-88B7-00FA8924B332}.Release|x86.ActiveCfg = Release|Win32
		{2E7D0C77-AEA3-456F-88B7-00FA8924B332}.Release|x86.Build.0 = Release|Win32
	EndGlobalSection
	GlobalSection(SolutionProperties) = preSolution
		HideSolutionNode = FALSE
	EndGlobalSection
	GlobalSection(ExtensibilityGlobals) = postSolution
		SolutionGuid = {ED2A3A8E-DB57-4BEA-83F5-AD605A3EFCF7}
	EndGlobalSection
EndGlobal
